// !$*UTF8*$!
{
	archiveVersion = 1;
	classes = {
	};
	objectVersion = 56;
	objects = {

/* Begin PBXBuildFile section */
		48A7FD8428F3679800D8BFB2 /* AppDelegate.swift in Sources */ = {isa = PBXBuildFile; fileRef = 48A7FD8328F3679800D8BFB2 /* AppDelegate.swift */; };
		48A7FD8628F3679800D8BFB2 /* SceneDelegate.swift in Sources */ = {isa = PBXBuildFile; fileRef = 48A7FD8528F3679800D8BFB2 /* SceneDelegate.swift */; };
		48A7FD8B28F3679800D8BFB2 /* Main.storyboard in Resources */ = {isa = PBXBuildFile; fileRef = 48A7FD8928F3679800D8BFB2 /* Main.storyboard */; };
		48A7FD8D28F367A100D8BFB2 /* Assets.xcassets in Resources */ = {isa = PBXBuildFile; fileRef = 48A7FD8C28F367A100D8BFB2 /* Assets.xcassets */; };
		48A7FD9028F367A100D8BFB2 /* LaunchScreen.storyboard in Resources */ = {isa = PBXBuildFile; fileRef = 48A7FD8E28F367A100D8BFB2 /* LaunchScreen.storyboard */; };
		48A7FD9B28F367A100D8BFB2 /* ParstagramTests.swift in Sources */ = {isa = PBXBuildFile; fileRef = 48A7FD9A28F367A100D8BFB2 /* ParstagramTests.swift */; };
		48A7FDA528F367A100D8BFB2 /* ParstagramUITests.swift in Sources */ = {isa = PBXBuildFile; fileRef = 48A7FDA428F367A100D8BFB2 /* ParstagramUITests.swift */; };
		48A7FDA728F367A100D8BFB2 /* ParstagramUITestsLaunchTests.swift in Sources */ = {isa = PBXBuildFile; fileRef = 48A7FDA628F367A100D8BFB2 /* ParstagramUITestsLaunchTests.swift */; };
		48A7FDB428F3921000D8BFB2 /* LoginViewController.swift in Sources */ = {isa = PBXBuildFile; fileRef = 48A7FDB328F3921000D8BFB2 /* LoginViewController.swift */; };
		48A7FDB628F3922C00D8BFB2 /* FeedViewController.swift in Sources */ = {isa = PBXBuildFile; fileRef = 48A7FDB528F3922C00D8BFB2 /* FeedViewController.swift */; };
		48A7FDB828F3A24D00D8BFB2 /* CameraViewController.swift in Sources */ = {isa = PBXBuildFile; fileRef = 48A7FDB728F3A24D00D8BFB2 /* CameraViewController.swift */; };
		48A7FDBA28F3B41B00D8BFB2 /* PostCell.swift in Sources */ = {isa = PBXBuildFile; fileRef = 48A7FDB928F3B41A00D8BFB2 /* PostCell.swift */; };
		53BFF95B7F3FDB4BF97A1963 /* Pods_Parstagram_ParstagramUITests.framework in Frameworks */ = {isa = PBXBuildFile; fileRef = 83D27882EEDE97C83B170628 /* Pods_Parstagram_ParstagramUITests.framework */; };
		A4A0E570D9A8210E7CA6A40A /* Pods_Parstagram.framework in Frameworks */ = {isa = PBXBuildFile; fileRef = 705E97A0020D2CD01EE1249D /* Pods_Parstagram.framework */; };
		FCB57398A4AA2A7810C07E3F /* Pods_ParstagramTests.framework in Frameworks */ = {isa = PBXBuildFile; fileRef = 0CC4F2F1D1DDB7EC74F74312 /* Pods_ParstagramTests.framework */; };
/* End PBXBuildFile section */

/* Begin PBXContainerItemProxy section */
		48A7FD9728F367A100D8BFB2 /* PBXContainerItemProxy */ = {
			isa = PBXContainerItemProxy;
			containerPortal = 48A7FD7828F3679700D8BFB2 /* Project object */;
			proxyType = 1;
			remoteGlobalIDString = 48A7FD7F28F3679800D8BFB2;
			remoteInfo = Parstagram;
		};
		48A7FDA128F367A100D8BFB2 /* PBXContainerItemProxy */ = {
			isa = PBXContainerItemProxy;
			containerPortal = 48A7FD7828F3679700D8BFB2 /* Project object */;
			proxyType = 1;
			remoteGlobalIDString = 48A7FD7F28F3679800D8BFB2;
			remoteInfo = Parstagram;
		};
/* End PBXContainerItemProxy section */

/* Begin PBXFileReference section */
		0CC4F2F1D1DDB7EC74F74312 /* Pods_ParstagramTests.framework */ = {isa = PBXFileReference; explicitFileType = wrapper.framework; includeInIndex = 0; path = Pods_ParstagramTests.framework; sourceTree = BUILT_PRODUCTS_DIR; };
		2E6E1E7FF70EEA1F5F887141 /* Pods-ParstagramTests.debug.xcconfig */ = {isa = PBXFileReference; includeInIndex = 1; lastKnownFileType = text.xcconfig; name = "Pods-ParstagramTests.debug.xcconfig"; path = "Target Support Files/Pods-ParstagramTests/Pods-ParstagramTests.debug.xcconfig"; sourceTree = "<group>"; };
		48A7FD8028F3679800D8BFB2 /* Parstagram.app */ = {isa = PBXFileReference; explicitFileType = wrapper.application; includeInIndex = 0; path = Parstagram.app; sourceTree = BUILT_PRODUCTS_DIR; };
		48A7FD8328F3679800D8BFB2 /* AppDelegate.swift */ = {isa = PBXFileReference; lastKnownFileType = sourcecode.swift; path = AppDelegate.swift; sourceTree = "<group>"; };
		48A7FD8528F3679800D8BFB2 /* SceneDelegate.swift */ = {isa = PBXFileReference; lastKnownFileType = sourcecode.swift; path = SceneDelegate.swift; sourceTree = "<group>"; };
		48A7FD8A28F3679800D8BFB2 /* Base */ = {isa = PBXFileReference; lastKnownFileType = file.storyboard; name = Base; path = Base.lproj/Main.storyboard; sourceTree = "<group>"; };
		48A7FD8C28F367A100D8BFB2 /* Assets.xcassets */ = {isa = PBXFileReference; lastKnownFileType = folder.assetcatalog; path = Assets.xcassets; sourceTree = "<group>"; };
		48A7FD8F28F367A100D8BFB2 /* Base */ = {isa = PBXFileReference; lastKnownFileType = file.storyboard; name = Base; path = Base.lproj/LaunchScreen.storyboard; sourceTree = "<group>"; };
		48A7FD9128F367A100D8BFB2 /* Info.plist */ = {isa = PBXFileReference; lastKnownFileType = text.plist.xml; path = Info.plist; sourceTree = "<group>"; };
		48A7FD9628F367A100D8BFB2 /* ParstagramTests.xctest */ = {isa = PBXFileReference; explicitFileType = wrapper.cfbundle; includeInIndex = 0; path = ParstagramTests.xctest; sourceTree = BUILT_PRODUCTS_DIR; };
		48A7FD9A28F367A100D8BFB2 /* ParstagramTests.swift */ = {isa = PBXFileReference; lastKnownFileType = sourcecode.swift; path = ParstagramTests.swift; sourceTree = "<group>"; };
		48A7FDA028F367A100D8BFB2 /* ParstagramUITests.xctest */ = {isa = PBXFileReference; explicitFileType = wrapper.cfbundle; includeInIndex = 0; path = ParstagramUITests.xctest; sourceTree = BUILT_PRODUCTS_DIR; };
		48A7FDA428F367A100D8BFB2 /* ParstagramUITests.swift */ = {isa = PBXFileReference; lastKnownFileType = sourcecode.swift; path = ParstagramUITests.swift; sourceTree = "<group>"; };
		48A7FDA628F367A100D8BFB2 /* ParstagramUITestsLaunchTests.swift */ = {isa = PBXFileReference; lastKnownFileType = sourcecode.swift; path = ParstagramUITestsLaunchTests.swift; sourceTree = "<group>"; };
		48A7FDB328F3921000D8BFB2 /* LoginViewController.swift */ = {isa = PBXFileReference; lastKnownFileType = sourcecode.swift; path = LoginViewController.swift; sourceTree = "<group>"; };
		48A7FDB528F3922C00D8BFB2 /* FeedViewController.swift */ = {isa = PBXFileReference; lastKnownFileType = sourcecode.swift; path = FeedViewController.swift; sourceTree = "<group>"; };
		48A7FDB728F3A24D00D8BFB2 /* CameraViewController.swift */ = {isa = PBXFileReference; lastKnownFileType = sourcecode.swift; path = CameraViewController.swift; sourceTree = "<group>"; };
		48A7FDB928F3B41A00D8BFB2 /* PostCell.swift */ = {isa = PBXFileReference; lastKnownFileType = sourcecode.swift; path = PostCell.swift; sourceTree = "<group>"; };
		705E97A0020D2CD01EE1249D /* Pods_Parstagram.framework */ = {isa = PBXFileReference; explicitFileType = wrapper.framework; includeInIndex = 0; path = Pods_Parstagram.framework; sourceTree = BUILT_PRODUCTS_DIR; };
		758BA243859351EE71DD2FAE /* Pods-Parstagram.debug.xcconfig */ = {isa = PBXFileReference; includeInIndex = 1; lastKnownFileType = text.xcconfig; name = "Pods-Parstagram.debug.xcconfig"; path = "Target Support Files/Pods-Parstagram/Pods-Parstagram.debug.xcconfig"; sourceTree = "<group>"; };
		83D27882EEDE97C83B170628 /* Pods_Parstagram_ParstagramUITests.framework */ = {isa = PBXFileReference; explicitFileType = wrapper.framework; includeInIndex = 0; path = Pods_Parstagram_ParstagramUITests.framework; sourceTree = BUILT_PRODUCTS_DIR; };
		8CD1BE5514BFD41047EBAB5A /* Pods-ParstagramTests.release.xcconfig */ = {isa = PBXFileReference; includeInIndex = 1; lastKnownFileType = text.xcconfig; name = "Pods-ParstagramTests.release.xcconfig"; path = "Target Support Files/Pods-ParstagramTests/Pods-ParstagramTests.release.xcconfig"; sourceTree = "<group>"; };
		A73623E71FB82E04FDAB39BB /* Pods-Parstagram.release.xcconfig */ = {isa = PBXFileReference; includeInIndex = 1; lastKnownFileType = text.xcconfig; name = "Pods-Parstagram.release.xcconfig"; path = "Target Support Files/Pods-Parstagram/Pods-Parstagram.release.xcconfig"; sourceTree = "<group>"; };
		B82DDF2108CF400ECB4E64C6 /* Pods-Parstagram-ParstagramUITests.release.xcconfig */ = {isa = PBXFileReference; includeInIndex = 1; lastKnownFileType = text.xcconfig; name = "Pods-Parstagram-ParstagramUITests.release.xcconfig"; path = "Target Support Files/Pods-Parstagram-ParstagramUITests/Pods-Parstagram-ParstagramUITests.release.xcconfig"; sourceTree = "<group>"; };
		DCC2011ABF8D5E4052511412 /* Pods-Parstagram-ParstagramUITests.debug.xcconfig */ = {isa = PBXFileReference; includeInIndex = 1; lastKnownFileType = text.xcconfig; name = "Pods-Parstagram-ParstagramUITests.debug.xcconfig"; path = "Target Support Files/Pods-Parstagram-ParstagramUITests/Pods-Parstagram-ParstagramUITests.debug.xcconfig"; sourceTree = "<group>"; };
/* End PBXFileReference section */

/* Begin PBXFrameworksBuildPhase section */
		48A7FD7D28F3679800D8BFB2 /* Frameworks */ = {
			isa = PBXFrameworksBuildPhase;
			buildActionMask = 2147483647;
			files = (
				A4A0E570D9A8210E7CA6A40A /* Pods_Parstagram.framework in Frameworks */,
			);
			runOnlyForDeploymentPostprocessing = 0;
		};
		48A7FD9328F367A100D8BFB2 /* Frameworks */ = {
			isa = PBXFrameworksBuildPhase;
			buildActionMask = 2147483647;
			files = (
				FCB57398A4AA2A7810C07E3F /* Pods_ParstagramTests.framework in Frameworks */,
			);
			runOnlyForDeploymentPostprocessing = 0;
		};
		48A7FD9D28F367A100D8BFB2 /* Frameworks */ = {
			isa = PBXFrameworksBuildPhase;
			buildActionMask = 2147483647;
			files = (
				53BFF95B7F3FDB4BF97A1963 /* Pods_Parstagram_ParstagramUITests.framework in Frameworks */,
			);
			runOnlyForDeploymentPostprocessing = 0;
		};
/* End PBXFrameworksBuildPhase section */

/* Begin PBXGroup section */
		48A7FD7728F3679700D8BFB2 = {
			isa = PBXGroup;
			children = (
				48A7FD8228F3679800D8BFB2 /* Parstagram */,
				48A7FD9928F367A100D8BFB2 /* ParstagramTests */,
				48A7FDA328F367A100D8BFB2 /* ParstagramUITests */,
				48A7FD8128F3679800D8BFB2 /* Products */,
				7C69640FEDF39C05B97EDA51 /* Pods */,
				A3066D2048CCAB6E4CE1BF39 /* Frameworks */,
			);
			sourceTree = "<group>";
		};
		48A7FD8128F3679800D8BFB2 /* Products */ = {
			isa = PBXGroup;
			children = (
				48A7FD8028F3679800D8BFB2 /* Parstagram.app */,
				48A7FD9628F367A100D8BFB2 /* ParstagramTests.xctest */,
				48A7FDA028F367A100D8BFB2 /* ParstagramUITests.xctest */,
			);
			name = Products;
			sourceTree = "<group>";
		};
		48A7FD8228F3679800D8BFB2 /* Parstagram */ = {
			isa = PBXGroup;
			children = (
				48A7FD8328F3679800D8BFB2 /* AppDelegate.swift */,
				48A7FD8528F3679800D8BFB2 /* SceneDelegate.swift */,
				48A7FD8928F3679800D8BFB2 /* Main.storyboard */,
				48A7FD8C28F367A100D8BFB2 /* Assets.xcassets */,
				48A7FD8E28F367A100D8BFB2 /* LaunchScreen.storyboard */,
				48A7FD9128F367A100D8BFB2 /* Info.plist */,
				48A7FDB328F3921000D8BFB2 /* LoginViewController.swift */,
				48A7FDB528F3922C00D8BFB2 /* FeedViewController.swift */,
				48A7FDB728F3A24D00D8BFB2 /* CameraViewController.swift */,
				48A7FDB928F3B41A00D8BFB2 /* PostCell.swift */,
			);
			path = Parstagram;
			sourceTree = "<group>";
		};
		48A7FD9928F367A100D8BFB2 /* ParstagramTests */ = {
			isa = PBXGroup;
			children = (
				48A7FD9A28F367A100D8BFB2 /* ParstagramTests.swift */,
			);
			path = ParstagramTests;
			sourceTree = "<group>";
		};
		48A7FDA328F367A100D8BFB2 /* ParstagramUITests */ = {
			isa = PBXGroup;
			children = (
				48A7FDA428F367A100D8BFB2 /* ParstagramUITests.swift */,
				48A7FDA628F367A100D8BFB2 /* ParstagramUITestsLaunchTests.swift */,
			);
			path = ParstagramUITests;
			sourceTree = "<group>";
		};
		7C69640FEDF39C05B97EDA51 /* Pods */ = {
			isa = PBXGroup;
			children = (
				758BA243859351EE71DD2FAE /* Pods-Parstagram.debug.xcconfig */,
				A73623E71FB82E04FDAB39BB /* Pods-Parstagram.release.xcconfig */,
				DCC2011ABF8D5E4052511412 /* Pods-Parstagram-ParstagramUITests.debug.xcconfig */,
				B82DDF2108CF400ECB4E64C6 /* Pods-Parstagram-ParstagramUITests.release.xcconfig */,
				2E6E1E7FF70EEA1F5F887141 /* Pods-ParstagramTests.debug.xcconfig */,
				8CD1BE5514BFD41047EBAB5A /* Pods-ParstagramTests.release.xcconfig */,
			);
			path = Pods;
			sourceTree = "<group>";
		};
		A3066D2048CCAB6E4CE1BF39 /* Frameworks */ = {
			isa = PBXGroup;
			children = (
				705E97A0020D2CD01EE1249D /* Pods_Parstagram.framework */,
				83D27882EEDE97C83B170628 /* Pods_Parstagram_ParstagramUITests.framework */,
				0CC4F2F1D1DDB7EC74F74312 /* Pods_ParstagramTests.framework */,
			);
			name = Frameworks;
			sourceTree = "<group>";
		};
/* End PBXGroup section */

/* Begin PBXNativeTarget section */
		48A7FD7F28F3679800D8BFB2 /* Parstagram */ = {
			isa = PBXNativeTarget;
			buildConfigurationList = 48A7FDAA28F367A100D8BFB2 /* Build configuration list for PBXNativeTarget "Parstagram" */;
			buildPhases = (
				4C251541A7C0F810643B5AB4 /* [CP] Check Pods Manifest.lock */,
				48A7FD7C28F3679800D8BFB2 /* Sources */,
				48A7FD7D28F3679800D8BFB2 /* Frameworks */,
				48A7FD7E28F3679800D8BFB2 /* Resources */,
				0D92CBEDE15E02C0D5E664BB /* [CP] Embed Pods Frameworks */,
			);
			buildRules = (
			);
			dependencies = (
			);
			name = Parstagram;
			productName = Parstagram;
			productReference = 48A7FD8028F3679800D8BFB2 /* Parstagram.app */;
			productType = "com.apple.product-type.application";
		};
		48A7FD9528F367A100D8BFB2 /* ParstagramTests */ = {
			isa = PBXNativeTarget;
			buildConfigurationList = 48A7FDAD28F367A100D8BFB2 /* Build configuration list for PBXNativeTarget "ParstagramTests" */;
			buildPhases = (
				02CA0BCF1B30C233981C5F7D /* [CP] Check Pods Manifest.lock */,
				48A7FD9228F367A100D8BFB2 /* Sources */,
				48A7FD9328F367A100D8BFB2 /* Frameworks */,
				48A7FD9428F367A100D8BFB2 /* Resources */,
			);
			buildRules = (
			);
			dependencies = (
				48A7FD9828F367A100D8BFB2 /* PBXTargetDependency */,
			);
			name = ParstagramTests;
			productName = ParstagramTests;
			productReference = 48A7FD9628F367A100D8BFB2 /* ParstagramTests.xctest */;
			productType = "com.apple.product-type.bundle.unit-test";
		};
		48A7FD9F28F367A100D8BFB2 /* ParstagramUITests */ = {
			isa = PBXNativeTarget;
			buildConfigurationList = 48A7FDB028F367A100D8BFB2 /* Build configuration list for PBXNativeTarget "ParstagramUITests" */;
			buildPhases = (
				1F5E28FCA4E4E7CA59713F3F /* [CP] Check Pods Manifest.lock */,
				48A7FD9C28F367A100D8BFB2 /* Sources */,
				48A7FD9D28F367A100D8BFB2 /* Frameworks */,
				48A7FD9E28F367A100D8BFB2 /* Resources */,
				E7CB72346C227CE0CF61ACE0 /* [CP] Embed Pods Frameworks */,
			);
			buildRules = (
			);
			dependencies = (
				48A7FDA228F367A100D8BFB2 /* PBXTargetDependency */,
			);
			name = ParstagramUITests;
			productName = ParstagramUITests;
			productReference = 48A7FDA028F367A100D8BFB2 /* ParstagramUITests.xctest */;
			productType = "com.apple.product-type.bundle.ui-testing";
		};
/* End PBXNativeTarget section */

/* Begin PBXProject section */
		48A7FD7828F3679700D8BFB2 /* Project object */ = {
			isa = PBXProject;
			attributes = {
				BuildIndependentTargetsInParallel = 1;
				LastSwiftUpdateCheck = 1400;
				LastUpgradeCheck = 1400;
				TargetAttributes = {
					48A7FD7F28F3679800D8BFB2 = {
						CreatedOnToolsVersion = 14.0.1;
					};
					48A7FD9528F367A100D8BFB2 = {
						CreatedOnToolsVersion = 14.0.1;
						TestTargetID = 48A7FD7F28F3679800D8BFB2;
					};
					48A7FD9F28F367A100D8BFB2 = {
						CreatedOnToolsVersion = 14.0.1;
						TestTargetID = 48A7FD7F28F3679800D8BFB2;
					};
				};
			};
			buildConfigurationList = 48A7FD7B28F3679700D8BFB2 /* Build configuration list for PBXProject "Parstagram" */;
			compatibilityVersion = "Xcode 14.0";
			developmentRegion = en;
			hasScannedForEncodings = 0;
			knownRegions = (
				en,
				Base,
			);
			mainGroup = 48A7FD7728F3679700D8BFB2;
			productRefGroup = 48A7FD8128F3679800D8BFB2 /* Products */;
			projectDirPath = "";
			projectRoot = "";
			targets = (
				48A7FD7F28F3679800D8BFB2 /* Parstagram */,
				48A7FD9528F367A100D8BFB2 /* ParstagramTests */,
				48A7FD9F28F367A100D8BFB2 /* ParstagramUITests */,
			);
		};
/* End PBXProject section */

/* Begin PBXResourcesBuildPhase section */
		48A7FD7E28F3679800D8BFB2 /* Resources */ = {
			isa = PBXResourcesBuildPhase;
			buildActionMask = 2147483647;
			files = (
				48A7FD9028F367A100D8BFB2 /* LaunchScreen.storyboard in Resources */,
				48A7FD8D28F367A100D8BFB2 /* Assets.xcassets in Resources */,
				48A7FD8B28F3679800D8BFB2 /* Main.storyboard in Resources */,
			);
			runOnlyForDeploymentPostprocessing = 0;
		};
		48A7FD9428F367A100D8BFB2 /* Resources */ = {
			isa = PBXResourcesBuildPhase;
			buildActionMask = 2147483647;
			files = (
			);
			runOnlyForDeploymentPostprocessing = 0;
		};
		48A7FD9E28F367A100D8BFB2 /* Resources */ = {
			isa = PBXResourcesBuildPhase;
			buildActionMask = 2147483647;
			files = (
			);
			runOnlyForDeploymentPostprocessing = 0;
		};
/* End PBXResourcesBuildPhase section */

/* Begin PBXShellScriptBuildPhase section */
		02CA0BCF1B30C233981C5F7D /* [CP] Check Pods Manifest.lock */ = {
			isa = PBXShellScriptBuildPhase;
			buildActionMask = 2147483647;
			files = (
			);
			inputFileListPaths = (
			);
			inputPaths = (
				"${PODS_PODFILE_DIR_PATH}/Podfile.lock",
				"${PODS_ROOT}/Manifest.lock",
			);
			name = "[CP] Check Pods Manifest.lock";
			outputFileListPaths = (
			);
			outputPaths = (
				"$(DERIVED_FILE_DIR)/Pods-ParstagramTests-checkManifestLockResult.txt",
			);
			runOnlyForDeploymentPostprocessing = 0;
			shellPath = /bin/sh;
			shellScript = "diff \"${PODS_PODFILE_DIR_PATH}/Podfile.lock\" \"${PODS_ROOT}/Manifest.lock\" > /dev/null\nif [ $? != 0 ] ; then\n    # print error to STDERR\n    echo \"error: The sandbox is not in sync with the Podfile.lock. Run 'pod install' or update your CocoaPods installation.\" >&2\n    exit 1\nfi\n# This output is used by Xcode 'outputs' to avoid re-running this script phase.\necho \"SUCCESS\" > \"${SCRIPT_OUTPUT_FILE_0}\"\n";
			showEnvVarsInLog = 0;
		};
		0D92CBEDE15E02C0D5E664BB /* [CP] Embed Pods Frameworks */ = {
			isa = PBXShellScriptBuildPhase;
			buildActionMask = 2147483647;
			files = (
			);
			inputFileListPaths = (
				"${PODS_ROOT}/Target Support Files/Pods-Parstagram/Pods-Parstagram-frameworks-${CONFIGURATION}-input-files.xcfilelist",
			);
			name = "[CP] Embed Pods Frameworks";
			outputFileListPaths = (
				"${PODS_ROOT}/Target Support Files/Pods-Parstagram/Pods-Parstagram-frameworks-${CONFIGURATION}-output-files.xcfilelist",
			);
			runOnlyForDeploymentPostprocessing = 0;
			shellPath = /bin/sh;
			shellScript = "\"${PODS_ROOT}/Target Support Files/Pods-Parstagram/Pods-Parstagram-frameworks.sh\"\n";
			showEnvVarsInLog = 0;
		};
		1F5E28FCA4E4E7CA59713F3F /* [CP] Check Pods Manifest.lock */ = {
			isa = PBXShellScriptBuildPhase;
			buildActionMask = 2147483647;
			files = (
			);
			inputFileListPaths = (
			);
			inputPaths = (
				"${PODS_PODFILE_DIR_PATH}/Podfile.lock",
				"${PODS_ROOT}/Manifest.lock",
			);
			name = "[CP] Check Pods Manifest.lock";
			outputFileListPaths = (
			);
			outputPaths = (
				"$(DERIVED_FILE_DIR)/Pods-Parstagram-ParstagramUITests-checkManifestLockResult.txt",
			);
			runOnlyForDeploymentPostprocessing = 0;
			shellPath = /bin/sh;
			shellScript = "diff \"${PODS_PODFILE_DIR_PATH}/Podfile.lock\" \"${PODS_ROOT}/Manifest.lock\" > /dev/null\nif [ $? != 0 ] ; then\n    # print error to STDERR\n    echo \"error: The sandbox is not in sync with the Podfile.lock. Run 'pod install' or update your CocoaPods installation.\" >&2\n    exit 1\nfi\n# This output is used by Xcode 'outputs' to avoid re-running this script phase.\necho \"SUCCESS\" > \"${SCRIPT_OUTPUT_FILE_0}\"\n";
			showEnvVarsInLog = 0;
		};
		4C251541A7C0F810643B5AB4 /* [CP] Check Pods Manifest.lock */ = {
			isa = PBXShellScriptBuildPhase;
			buildActionMask = 2147483647;
			files = (
			);
			inputFileListPaths = (
			);
			inputPaths = (
				"${PODS_PODFILE_DIR_PATH}/Podfile.lock",
				"${PODS_ROOT}/Manifest.lock",
			);
			name = "[CP] Check Pods Manifest.lock";
			outputFileListPaths = (
			);
			outputPaths = (
				"$(DERIVED_FILE_DIR)/Pods-Parstagram-checkManifestLockResult.txt",
			);
			runOnlyForDeploymentPostprocessing = 0;
			shellPath = /bin/sh;
			shellScript = "diff \"${PODS_PODFILE_DIR_PATH}/Podfile.lock\" \"${PODS_ROOT}/Manifest.lock\" > /dev/null\nif [ $? != 0 ] ; then\n    # print error to STDERR\n    echo \"error: The sandbox is not in sync with the Podfile.lock. Run 'pod install' or update your CocoaPods installation.\" >&2\n    exit 1\nfi\n# This output is used by Xcode 'outputs' to avoid re-running this script phase.\necho \"SUCCESS\" > \"${SCRIPT_OUTPUT_FILE_0}\"\n";
			showEnvVarsInLog = 0;
		};
		E7CB72346C227CE0CF61ACE0 /* [CP] Embed Pods Frameworks */ = {
			isa = PBXShellScriptBuildPhase;
			buildActionMask = 2147483647;
			files = (
			);
			inputFileListPaths = (
				"${PODS_ROOT}/Target Support Files/Pods-Parstagram-ParstagramUITests/Pods-Parstagram-ParstagramUITests-frameworks-${CONFIGURATION}-input-files.xcfilelist",
			);
			name = "[CP] Embed Pods Frameworks";
			outputFileListPaths = (
				"${PODS_ROOT}/Target Support Files/Pods-Parstagram-ParstagramUITests/Pods-Parstagram-ParstagramUITests-frameworks-${CONFIGURATION}-output-files.xcfilelist",
			);
			runOnlyForDeploymentPostprocessing = 0;
			shellPath = /bin/sh;
			shellScript = "\"${PODS_ROOT}/Target Support Files/Pods-Parstagram-ParstagramUITests/Pods-Parstagram-ParstagramUITests-frameworks.sh\"\n";
			showEnvVarsInLog = 0;
		};
/* End PBXShellScriptBuildPhase section */

/* Begin PBXSourcesBuildPhase section */
		48A7FD7C28F3679800D8BFB2 /* Sources */ = {
			isa = PBXSourcesBuildPhase;
			buildActionMask = 2147483647;
			files = (
				48A7FDB428F3921000D8BFB2 /* LoginViewController.swift in Sources */,
				48A7FDB828F3A24D00D8BFB2 /* CameraViewController.swift in Sources */,
				48A7FD8428F3679800D8BFB2 /* AppDelegate.swift in Sources */,
				48A7FDB628F3922C00D8BFB2 /* FeedViewController.swift in Sources */,
				48A7FD8628F3679800D8BFB2 /* SceneDelegate.swift in Sources */,
				48A7FDBA28F3B41B00D8BFB2 /* PostCell.swift in Sources */,
			);
			runOnlyForDeploymentPostprocessing = 0;
		};
		48A7FD9228F367A100D8BFB2 /* Sources */ = {
			isa = PBXSourcesBuildPhase;
			buildActionMask = 2147483647;
			files = (
				48A7FD9B28F367A100D8BFB2 /* ParstagramTests.swift in Sources */,
			);
			runOnlyForDeploymentPostprocessing = 0;
		};
		48A7FD9C28F367A100D8BFB2 /* Sources */ = {
			isa = PBXSourcesBuildPhase;
			buildActionMask = 2147483647;
			files = (
				48A7FDA728F367A100D8BFB2 /* ParstagramUITestsLaunchTests.swift in Sources */,
				48A7FDA528F367A100D8BFB2 /* ParstagramUITests.swift in Sources */,
			);
			runOnlyForDeploymentPostprocessing = 0;
		};
/* End PBXSourcesBuildPhase section */

/* Begin PBXTargetDependency section */
		48A7FD9828F367A100D8BFB2 /* PBXTargetDependency */ = {
			isa = PBXTargetDependency;
			target = 48A7FD7F28F3679800D8BFB2 /* Parstagram */;
			targetProxy = 48A7FD9728F367A100D8BFB2 /* PBXContainerItemProxy */;
		};
		48A7FDA228F367A100D8BFB2 /* PBXTargetDependency */ = {
			isa = PBXTargetDependency;
			target = 48A7FD7F28F3679800D8BFB2 /* Parstagram */;
			targetProxy = 48A7FDA128F367A100D8BFB2 /* PBXContainerItemProxy */;
		};
/* End PBXTargetDependency section */

/* Begin PBXVariantGroup section */
		48A7FD8928F3679800D8BFB2 /* Main.storyboard */ = {
			isa = PBXVariantGroup;
			children = (
				48A7FD8A28F3679800D8BFB2 /* Base */,
			);
			name = Main.storyboard;
			sourceTree = "<group>";
		};
		48A7FD8E28F367A100D8BFB2 /* LaunchScreen.storyboard */ = {
			isa = PBXVariantGroup;
			children = (
				48A7FD8F28F367A100D8BFB2 /* Base */,
			);
			name = LaunchScreen.storyboard;
			sourceTree = "<group>";
		};
/* End PBXVariantGroup section */

/* Begin XCBuildConfiguration section */
		48A7FDA828F367A100D8BFB2 /* Debug */ = {
			isa = XCBuildConfiguration;
			buildSettings = {
				ALWAYS_SEARCH_USER_PATHS = NO;
				CLANG_ANALYZER_NONNULL = YES;
				CLANG_ANALYZER_NUMBER_OBJECT_CONVERSION = YES_AGGRESSIVE;
				CLANG_CXX_LANGUAGE_STANDARD = "gnu++20";
				CLANG_ENABLE_MODULES = YES;
				CLANG_ENABLE_OBJC_ARC = YES;
				CLANG_ENABLE_OBJC_WEAK = YES;
				CLANG_WARN_BLOCK_CAPTURE_AUTORELEASING = YES;
				CLANG_WARN_BOOL_CONVERSION = YES;
				CLANG_WARN_COMMA = YES;
				CLANG_WARN_CONSTANT_CONVERSION = YES;
				CLANG_WARN_DEPRECATED_OBJC_IMPLEMENTATIONS = YES;
				CLANG_WARN_DIRECT_OBJC_ISA_USAGE = YES_ERROR;
				CLANG_WARN_DOCUMENTATION_COMMENTS = YES;
				CLANG_WARN_EMPTY_BODY = YES;
				CLANG_WARN_ENUM_CONVERSION = YES;
				CLANG_WARN_INFINITE_RECURSION = YES;
				CLANG_WARN_INT_CONVERSION = YES;
				CLANG_WARN_NON_LITERAL_NULL_CONVERSION = YES;
				CLANG_WARN_OBJC_IMPLICIT_RETAIN_SELF = YES;
				CLANG_WARN_OBJC_LITERAL_CONVERSION = YES;
				CLANG_WARN_OBJC_ROOT_CLASS = YES_ERROR;
				CLANG_WARN_QUOTED_INCLUDE_IN_FRAMEWORK_HEADER = YES;
				CLANG_WARN_RANGE_LOOP_ANALYSIS = YES;
				CLANG_WARN_STRICT_PROTOTYPES = YES;
				CLANG_WARN_SUSPICIOUS_MOVE = YES;
				CLANG_WARN_UNGUARDED_AVAILABILITY = YES_AGGRESSIVE;
				CLANG_WARN_UNREACHABLE_CODE = YES;
				CLANG_WARN__DUPLICATE_METHOD_MATCH = YES;
				COPY_PHASE_STRIP = NO;
				DEBUG_INFORMATION_FORMAT = dwarf;
				ENABLE_STRICT_OBJC_MSGSEND = YES;
				ENABLE_TESTABILITY = YES;
				GCC_C_LANGUAGE_STANDARD = gnu11;
				GCC_DYNAMIC_NO_PIC = NO;
				GCC_NO_COMMON_BLOCKS = YES;
				GCC_OPTIMIZATION_LEVEL = 0;
				GCC_PREPROCESSOR_DEFINITIONS = (
					"DEBUG=1",
					"$(inherited)",
				);
				GCC_WARN_64_TO_32_BIT_CONVERSION = YES;
				GCC_WARN_ABOUT_RETURN_TYPE = YES_ERROR;
				GCC_WARN_UNDECLARED_SELECTOR = YES;
				GCC_WARN_UNINITIALIZED_AUTOS = YES_AGGRESSIVE;
				GCC_WARN_UNUSED_FUNCTION = YES;
				GCC_WARN_UNUSED_VARIABLE = YES;
				IPHONEOS_DEPLOYMENT_TARGET = 16.0;
				MTL_ENABLE_DEBUG_INFO = INCLUDE_SOURCE;
				MTL_FAST_MATH = YES;
				ONLY_ACTIVE_ARCH = YES;
				SDKROOT = iphoneos;
				SWIFT_ACTIVE_COMPILATION_CONDITIONS = DEBUG;
				SWIFT_OPTIMIZATION_LEVEL = "-Onone";
			};
			name = Debug;
		};
		48A7FDA928F367A100D8BFB2 /* Release */ = {
			isa = XCBuildConfiguration;
			buildSettings = {
				ALWAYS_SEARCH_USER_PATHS = NO;
				CLANG_ANALYZER_NONNULL = YES;
				CLANG_ANALYZER_NUMBER_OBJECT_CONVERSION = YES_AGGRESSIVE;
				CLANG_CXX_LANGUAGE_STANDARD = "gnu++20";
				CLANG_ENABLE_MODULES = YES;
				CLANG_ENABLE_OBJC_ARC = YES;
				CLANG_ENABLE_OBJC_WEAK = YES;
				CLANG_WARN_BLOCK_CAPTURE_AUTORELEASING = YES;
				CLANG_WARN_BOOL_CONVERSION = YES;
				CLANG_WARN_COMMA = YES;
				CLANG_WARN_CONSTANT_CONVERSION = YES;
				CLANG_WARN_DEPRECATED_OBJC_IMPLEMENTATIONS = YES;
				CLANG_WARN_DIRECT_OBJC_ISA_USAGE = YES_ERROR;
				CLANG_WARN_DOCUMENTATION_COMMENTS = YES;
				CLANG_WARN_EMPTY_BODY = YES;
				CLANG_WARN_ENUM_CONVERSION = YES;
				CLANG_WARN_INFINITE_RECURSION = YES;
				CLANG_WARN_INT_CONVERSION = YES;
				CLANG_WARN_NON_LITERAL_NULL_CONVERSION = YES;
				CLANG_WARN_OBJC_IMPLICIT_RETAIN_SELF = YES;
				CLANG_WARN_OBJC_LITERAL_CONVERSION = YES;
				CLANG_WARN_OBJC_ROOT_CLASS = YES_ERROR;
				CLANG_WARN_QUOTED_INCLUDE_IN_FRAMEWORK_HEADER = YES;
				CLANG_WARN_RANGE_LOOP_ANALYSIS = YES;
				CLANG_WARN_STRICT_PROTOTYPES = YES;
				CLANG_WARN_SUSPICIOUS_MOVE = YES;
				CLANG_WARN_UNGUARDED_AVAILABILITY = YES_AGGRESSIVE;
				CLANG_WARN_UNREACHABLE_CODE = YES;
				CLANG_WARN__DUPLICATE_METHOD_MATCH = YES;
				COPY_PHASE_STRIP = NO;
				DEBUG_INFORMATION_FORMAT = "dwarf-with-dsym";
				ENABLE_NS_ASSERTIONS = NO;
				ENABLE_STRICT_OBJC_MSGSEND = YES;
				GCC_C_LANGUAGE_STANDARD = gnu11;
				GCC_NO_COMMON_BLOCKS = YES;
				GCC_WARN_64_TO_32_BIT_CONVERSION = YES;
				GCC_WARN_ABOUT_RETURN_TYPE = YES_ERROR;
				GCC_WARN_UNDECLARED_SELECTOR = YES;
				GCC_WARN_UNINITIALIZED_AUTOS = YES_AGGRESSIVE;
				GCC_WARN_UNUSED_FUNCTION = YES;
				GCC_WARN_UNUSED_VARIABLE = YES;
				IPHONEOS_DEPLOYMENT_TARGET = 16.0;
				MTL_ENABLE_DEBUG_INFO = NO;
				MTL_FAST_MATH = YES;
				SDKROOT = iphoneos;
				SWIFT_COMPILATION_MODE = wholemodule;
				SWIFT_OPTIMIZATION_LEVEL = "-O";
				VALIDATE_PRODUCT = YES;
			};
			name = Release;
		};
		48A7FDAB28F367A100D8BFB2 /* Debug */ = {
			isa = XCBuildConfiguration;
			baseConfigurationReference = 758BA243859351EE71DD2FAE /* Pods-Parstagram.debug.xcconfig */;
			buildSettings = {
				ASSETCATALOG_COMPILER_APPICON_NAME = AppIcon;
				ASSETCATALOG_COMPILER_GLOBAL_ACCENT_COLOR_NAME = AccentColor;
				CODE_SIGN_STYLE = Automatic;
				CURRENT_PROJECT_VERSION = 1;
				DEVELOPMENT_TEAM = 4P959M996G;
				GENERATE_INFOPLIST_FILE = YES;
				INFOPLIST_FILE = Parstagram/Info.plist;
				INFOPLIST_KEY_UIApplicationSupportsIndirectInputEvents = YES;
				INFOPLIST_KEY_UILaunchStoryboardName = LaunchScreen;
				INFOPLIST_KEY_UIMainStoryboardFile = Main;
				INFOPLIST_KEY_UISupportedInterfaceOrientations_iPad = "UIInterfaceOrientationPortrait UIInterfaceOrientationPortraitUpsideDown UIInterfaceOrientationLandscapeLeft UIInterfaceOrientationLandscapeRight";
				INFOPLIST_KEY_UISupportedInterfaceOrientations_iPhone = "UIInterfaceOrientationPortrait UIInterfaceOrientationLandscapeLeft UIInterfaceOrientationLandscapeRight";
				LD_RUNPATH_SEARCH_PATHS = (
					"$(inherited)",
					"@executable_path/Frameworks",
				);
				MARKETING_VERSION = 1.0;
				PRODUCT_BUNDLE_IDENTIFIER = com.maryhanson.Parstagram;
				PRODUCT_NAME = "$(TARGET_NAME)";
				SWIFT_EMIT_LOC_STRINGS = YES;
				SWIFT_VERSION = 5.0;
				TARGETED_DEVICE_FAMILY = "1,2";
			};
			name = Debug;
		};
		48A7FDAC28F367A100D8BFB2 /* Release */ = {
			isa = XCBuildConfiguration;
			baseConfigurationReference = A73623E71FB82E04FDAB39BB /* Pods-Parstagram.release.xcconfig */;
			buildSettings = {
				ASSETCATALOG_COMPILER_APPICON_NAME = AppIcon;
				ASSETCATALOG_COMPILER_GLOBAL_ACCENT_COLOR_NAME = AccentColor;
				CODE_SIGN_STYLE = Automatic;
				CURRENT_PROJECT_VERSION = 1;
				DEVELOPMENT_TEAM = 4P959M996G;
				GENERATE_INFOPLIST_FILE = YES;
				INFOPLIST_FILE = Parstagram/Info.plist;
				INFOPLIST_KEY_UIApplicationSupportsIndirectInputEvents = YES;
				INFOPLIST_KEY_UILaunchStoryboardName = LaunchScreen;
				INFOPLIST_KEY_UIMainStoryboardFile = Main;
				INFOPLIST_KEY_UISupportedInterfaceOrientations_iPad = "UIInterfaceOrientationPortrait UIInterfaceOrientationPortraitUpsideDown UIInterfaceOrientationLandscapeLeft UIInterfaceOrientationLandscapeRight";
				INFOPLIST_KEY_UISupportedInterfaceOrientations_iPhone = "UIInterfaceOrientationPortrait UIInterfaceOrientationLandscapeLeft UIInterfaceOrientationLandscapeRight";
				LD_RUNPATH_SEARCH_PATHS = (
					"$(inherited)",
					"@executable_path/Frameworks",
				);
				MARKETING_VERSION = 1.0;
				PRODUCT_BUNDLE_IDENTIFIER = com.maryhanson.Parstagram;
				PRODUCT_NAME = "$(TARGET_NAME)";
				SWIFT_EMIT_LOC_STRINGS = YES;
				SWIFT_VERSION = 5.0;
				TARGETED_DEVICE_FAMILY = "1,2";
			};
			name = Release;
		};
		48A7FDAE28F367A100D8BFB2 /* Debug */ = {
			isa = XCBuildConfiguration;
			baseConfigurationReference = 2E6E1E7FF70EEA1F5F887141 /* Pods-ParstagramTests.debug.xcconfig */;
			buildSettings = {
				ALWAYS_EMBED_SWIFT_STANDARD_LIBRARIES = YES;
				BUNDLE_LOADER = "$(TEST_HOST)";
				CODE_SIGN_STYLE = Automatic;
				CURRENT_PROJECT_VERSION = 1;
				DEVELOPMENT_TEAM = 4P959M996G;
				GENERATE_INFOPLIST_FILE = YES;
				IPHONEOS_DEPLOYMENT_TARGET = 16.0;
				MARKETING_VERSION = 1.0;
				PRODUCT_BUNDLE_IDENTIFIER = com.maryhanson.ParstagramTests;
				PRODUCT_NAME = "$(TARGET_NAME)";
				SWIFT_EMIT_LOC_STRINGS = NO;
				SWIFT_VERSION = 5.0;
				TARGETED_DEVICE_FAMILY = "1,2";
				TEST_HOST = "$(BUILT_PRODUCTS_DIR)/Parstagram.app/$(BUNDLE_EXECUTABLE_FOLDER_PATH)/Parstagram";
			};
			name = Debug;
		};
		48A7FDAF28F367A100D8BFB2 /* Release */ = {
			isa = XCBuildConfiguration;
			baseConfigurationReference = 8CD1BE5514BFD41047EBAB5A /* Pods-ParstagramTests.release.xcconfig */;
			buildSettings = {
				ALWAYS_EMBED_SWIFT_STANDARD_LIBRARIES = YES;
				BUNDLE_LOADER = "$(TEST_HOST)";
				CODE_SIGN_STYLE = Automatic;
				CURRENT_PROJECT_VERSION = 1;
				DEVELOPMENT_TEAM = 4P959M996G;
				GENERATE_INFOPLIST_FILE = YES;
				IPHONEOS_DEPLOYMENT_TARGET = 16.0;
				MARKETING_VERSION = 1.0;
				PRODUCT_BUNDLE_IDENTIFIER = com.maryhanson.ParstagramTests;
				PRODUCT_NAME = "$(TARGET_NAME)";
				SWIFT_EMIT_LOC_STRINGS = NO;
				SWIFT_VERSION = 5.0;
				TARGETED_DEVICE_FAMILY = "1,2";
				TEST_HOST = "$(BUILT_PRODUCTS_DIR)/Parstagram.app/$(BUNDLE_EXECUTABLE_FOLDER_PATH)/Parstagram";
			};
			name = Release;
		};
		48A7FDB128F367A100D8BFB2 /* Debug */ = {
			isa = XCBuildConfiguration;
			baseConfigurationReference = DCC2011ABF8D5E4052511412 /* Pods-Parstagram-ParstagramUITests.debug.xcconfig */;
			buildSettings = {
				ALWAYS_EMBED_SWIFT_STANDARD_LIBRARIES = YES;
				CODE_SIGN_STYLE = Automatic;
				CURRENT_PROJECT_VERSION = 1;
				DEVELOPMENT_TEAM = 4P959M996G;
				GENERATE_INFOPLIST_FILE = YES;
				MARKETING_VERSION = 1.0;
				PRODUCT_BUNDLE_IDENTIFIER = com.maryhanson.ParstagramUITests;
				PRODUCT_NAME = "$(TARGET_NAME)";
				SWIFT_EMIT_LOC_STRINGS = NO;
				SWIFT_VERSION = 5.0;
				TARGETED_DEVICE_FAMILY = "1,2";
				TEST_TARGET_NAME = Parstagram;
			};
			name = Debug;
		};
		48A7FDB228F367A100D8BFB2 /* Release */ = {
			isa = XCBuildConfiguration;
			baseConfigurationReference = B82DDF2108CF400ECB4E64C6 /* Pods-Parstagram-ParstagramUITests.release.xcconfig */;
			buildSettings = {
				ALWAYS_EMBED_SWIFT_STANDARD_LIBRARIES = YES;
				CODE_SIGN_STYLE = Automatic;
				CURRENT_PROJECT_VERSION = 1;
				DEVELOPMENT_TEAM = 4P959M996G;
				GENERATE_INFOPLIST_FILE = YES;
				MARKETING_VERSION = 1.0;
				PRODUCT_BUNDLE_IDENTIFIER = com.maryhanson.ParstagramUITests;
				PRODUCT_NAME = "$(TARGET_NAME)";
				SWIFT_EMIT_LOC_STRINGS = NO;
				SWIFT_VERSION = 5.0;
				TARGETED_DEVICE_FAMILY = "1,2";
				TEST_TARGET_NAME = Parstagram;
			};
			name = Release;
		};
/* End XCBuildConfiguration section */

/* Begin XCConfigurationList section */
		48A7FD7B28F3679700D8BFB2 /* Build configuration list for PBXProject "Parstagram" */ = {
			isa = XCConfigurationList;
			buildConfigurations = (
				48A7FDA828F367A100D8BFB2 /* Debug */,
				48A7FDA928F367A100D8BFB2 /* Release */,
			);
			defaultConfigurationIsVisible = 0;
			defaultConfigurationName = Release;
		};
		48A7FDAA28F367A100D8BFB2 /* Build configuration list for PBXNativeTarget "Parstagram" */ = {
			isa = XCConfigurationList;
			buildConfigurations = (
				48A7FDAB28F367A100D8BFB2 /* Debug */,
				48A7FDAC28F367A100D8BFB2 /* Release */,
			);
			defaultConfigurationIsVisible = 0;
			defaultConfigurationName = Release;
		};
		48A7FDAD28F367A100D8BFB2 /* Build configuration list for PBXNativeTarget "ParstagramTests" */ = {
			isa = XCConfigurationList;
			buildConfigurations = (
				48A7FDAE28F367A100D8BFB2 /* Debug */,
				48A7FDAF28F367A100D8BFB2 /* Release */,
			);
			defaultConfigurationIsVisible = 0;
			defaultConfigurationName = Release;
		};
		48A7FDB028F367A100D8BFB2 /* Build configuration list for PBXNativeTarget "ParstagramUITests" */ = {
			isa = XCConfigurationList;
			buildConfigurations = (
				48A7FDB128F367A100D8BFB2 /* Debug */,
				48A7FDB228F367A100D8BFB2 /* Release */,
			);
			defaultConfigurationIsVisible = 0;
			defaultConfigurationName = Release;
		};
/* End XCConfigurationList section */
	};
	rootObject = 48A7FD7828F3679700D8BFB2 /* Project object */;
}
